PODS:
  - AFNetworking (2.5.4):
    - AFNetworking/NSURLConnection (= 2.5.4)
    - AFNetworking/NSURLSession (= 2.5.4)
    - AFNetworking/Reachability (= 2.5.4)
    - AFNetworking/Security (= 2.5.4)
    - AFNetworking/Serialization (= 2.5.4)
    - AFNetworking/UIKit (= 2.5.4)
  - AFNetworking/NSURLConnection (2.5.4):
    - AFNetworking/Reachability
    - AFNetworking/Security
    - AFNetworking/Serialization
  - AFNetworking/NSURLSession (2.5.4):
    - AFNetworking/Reachability
    - AFNetworking/Security
    - AFNetworking/Serialization
  - AFNetworking/Reachability (2.5.4)
  - AFNetworking/Security (2.5.4)
  - AFNetworking/Serialization (2.5.4)
  - AFNetworking/UIKit (2.5.4):
    - AFNetworking/NSURLConnection
    - AFNetworking/NSURLSession
  - Braintree (4.2.3):
    - Braintree/Card (= 4.2.3)
    - Braintree/Core (= 4.2.3)
    - Braintree/PayPal (= 4.2.3)
    - Braintree/UI (= 4.2.3)
  - Braintree/Apple-Pay (4.2.3):
    - Braintree/Core
  - Braintree/Card (4.2.3):
    - Braintree/Core
  - Braintree/Core (4.2.3)
  - Braintree/PayPal (4.2.3):
    - Braintree/Core
    - Braintree/PayPalOneTouch
  - Braintree/PayPalDataCollector (4.2.3)
  - Braintree/PayPalOneTouch (4.2.3):
    - Braintree/Core
    - Braintree/PayPalDataCollector
  - Braintree/UI (4.2.3):
    - Braintree/Card
    - Braintree/Core
  - CardIO (5.3.2)
  - DCAnimationKit (0.0.6)
  - Mantle (2.0.2):
    - Mantle/extobjc (= 2.0.2)
  - Mantle/extobjc (2.0.2)
  - Masonry (1.0.0)
  - SDWebImage (3.7.6):
    - SDWebImage/Core (= 3.7.6)
  - SDWebImage/Core (3.7.6)
  - SFHFKeychainUtils (0.0.1)
  - TPKeyboardAvoiding (1.3)
  - VDevice (1.0.0)
  - VExtensions (1.1.6)

DEPENDENCIES:
  - AFNetworking (= 2.5.4)
  - Braintree (~> 4.2.3)
  - Braintree/Apple-Pay (~> 4.2.3)
  - CardIO
  - DCAnimationKit
  - Mantle (= 2.0.2)
  - Masonry
  - SDWebImage
  - SFHFKeychainUtils
  - TPKeyboardAvoiding
  - VDevice
  - VExtensions

SPEC CHECKSUMS:
  AFNetworking: 05edc0ac4c4c8cf57bcf4b84be5b0744b6d8e71e
  Braintree: 05791bdc6d43c3faf2f802dd2d687e9f619f7f57
  CardIO: 92c45caef0d986c4a303a7afba0c9b76ff2b1f6e
  DCAnimationKit: 7133bef877ce1aa113dcfeea1380ca67f91f7608
  Mantle: 967fd31ea0220890b2e76589198996b534bb3fb1
  Masonry: b529bb169217897b6354d4b56b1fada6d475b13d
  SDWebImage: c325cf02c30337336b95beff20a13df489ec0ec9
  SFHFKeychainUtils: 9576b411a79a058f4d5381ace6f3242b9a62e664
  TPKeyboardAvoiding: a5138f318c06fb3e151f886e18ce4a72695d9cbe
  VDevice: d355fa9eb80021e99fca9165abf951373c95fd1c
  VExtensions: f94c88d0a6ffa36ae14c64f63135434128da7e17

PODFILE CHECKSUM: 36a83d8f394fb6b838f0bbe07aa2525ef0021cce

COCOAPODS: 1.0.0
