// !$*UTF8*$!
{
	archiveVersion = 1;
	classes = {
	};
	objectVersion = 46;
	objects = {

/* Begin PBXBuildFile section */
		49C06A24040325F3FFBF5436 /* Pods_General.framework in Frameworks */ = {isa = PBXBuildFile; fileRef = AD4E710441B0F07D010A79CF /* Pods_General.framework */; };
		E26D6F4D1CF034E600CCDD6A /* main.m in Sources */ = {isa = PBXBuildFile; fileRef = E26D6F4C1CF034E600CCDD6A /* main.m */; };
		E26D6F591CF034E600CCDD6A /* General.xcdatamodeld in Sources */ = {isa = PBXBuildFile; fileRef = E26D6F571CF034E600CCDD6A /* General.xcdatamodeld */; };
		E26D6F5B1CF034E600CCDD6A /* Images.xcassets in Resources */ = {isa = PBXBuildFile; fileRef = E26D6F5A1CF034E600CCDD6A /* Images.xcassets */; };
		E26D6F5E1CF034E600CCDD6A /* LaunchScreen.storyboard in Resources */ = {isa = PBXBuildFile; fileRef = E26D6F5C1CF034E600CCDD6A /* LaunchScreen.storyboard */; };
		E26D6F691CF034E600CCDD6A /* GeneralTests.m in Sources */ = {isa = PBXBuildFile; fileRef = E26D6F681CF034E600CCDD6A /* GeneralTests.m */; };
		E26D6F741CF034E600CCDD6A /* GeneralUITests.m in Sources */ = {isa = PBXBuildFile; fileRef = E26D6F731CF034E600CCDD6A /* GeneralUITests.m */; };
		E29700221CF437A800C49658 /* AppDelegate.m in Sources */ = {isa = PBXBuildFile; fileRef = E29700171CF437A800C49658 /* AppDelegate.m */; };
		E29700231CF437A800C49658 /* ViewController.m in Sources */ = {isa = PBXBuildFile; fileRef = E29700191CF437A800C49658 /* ViewController.m */; };
		E297002B1CF43E2200C49658 /* MFNetworkingConfig.m in Sources */ = {isa = PBXBuildFile; fileRef = E297002A1CF43E2200C49658 /* MFNetworkingConfig.m */; };
		E29700321CF447F600C49658 /* NSObject+ProtocolAddition.m in Sources */ = {isa = PBXBuildFile; fileRef = E29700311CF447F600C49658 /* NSObject+ProtocolAddition.m */; };
		E29700391CF4489100C49658 /* MFRequest.m in Sources */ = {isa = PBXBuildFile; fileRef = E29700381CF4489100C49658 /* MFRequest.m */; };
		E297003F1CF4496100C49658 /* MFNetworking.m in Sources */ = {isa = PBXBuildFile; fileRef = E297003E1CF4496100C49658 /* MFNetworking.m */; };
		E29700421CF449F600C49658 /* MFNetworkingLogger.m in Sources */ = {isa = PBXBuildFile; fileRef = E29700411CF449F600C49658 /* MFNetworkingLogger.m */; };
		E297004E1CF44C1F00C49658 /* MFNSString+Addition.m in Sources */ = {isa = PBXBuildFile; fileRef = E297004D1CF44C1F00C49658 /* MFNSString+Addition.m */; };
		E29700541CF44F0800C49658 /* MFNetworkingHelper.m in Sources */ = {isa = PBXBuildFile; fileRef = E29700511CF44F0800C49658 /* MFNetworkingHelper.m */; };
		E29700551CF44F0800C49658 /* MFHostHelper.m in Sources */ = {isa = PBXBuildFile; fileRef = E29700531CF44F0800C49658 /* MFHostHelper.m */; };
		E29700591CF4521200C49658 /* PPStoreHelper.m in Sources */ = {isa = PBXBuildFile; fileRef = E29700581CF4521200C49658 /* PPStoreHelper.m */; };
		E297005C1CF4532F00C49658 /* PPRequest+Extension.m in Sources */ = {isa = PBXBuildFile; fileRef = E297005B1CF4532F00C49658 /* PPRequest+Extension.m */; };
		E29700671CF453E400C49658 /* PPApiStatus.m in Sources */ = {isa = PBXBuildFile; fileRef = E297005E1CF453E400C49658 /* PPApiStatus.m */; };
		E29700681CF453E400C49658 /* PPAPIStatusGenerator.m in Sources */ = {isa = PBXBuildFile; fileRef = E29700601CF453E400C49658 /* PPAPIStatusGenerator.m */; };
		E29700691CF453E400C49658 /* PPCommonHeadersGenerator.m in Sources */ = {isa = PBXBuildFile; fileRef = E29700621CF453E400C49658 /* PPCommonHeadersGenerator.m */; };
		E297006A1CF453E400C49658 /* PPCommonParametersGenerator.m in Sources */ = {isa = PBXBuildFile; fileRef = E29700641CF453E400C49658 /* PPCommonParametersGenerator.m */; };
		E297006B1CF453E400C49658 /* PPSignatureGenerator.m in Sources */ = {isa = PBXBuildFile; fileRef = E29700661CF453E400C49658 /* PPSignatureGenerator.m */; };
/* End PBXBuildFile section */

/* Begin PBXContainerItemProxy section */
		E26D6F651CF034E600CCDD6A /* PBXContainerItemProxy */ = {
			isa = PBXContainerItemProxy;
			containerPortal = E26D6F401CF034E600CCDD6A /* Project object */;
			proxyType = 1;
			remoteGlobalIDString = E26D6F471CF034E600CCDD6A;
			remoteInfo = General;
		};
		E26D6F701CF034E600CCDD6A /* PBXContainerItemProxy */ = {
			isa = PBXContainerItemProxy;
			containerPortal = E26D6F401CF034E600CCDD6A /* Project object */;
			proxyType = 1;
			remoteGlobalIDString = E26D6F471CF034E600CCDD6A;
			remoteInfo = General;
		};
/* End PBXContainerItemProxy section */

/* Begin PBXFileReference section */
		196222C958F358D0310A42F7 /* Pods-General.release.xcconfig */ = {isa = PBXFileReference; includeInIndex = 1; lastKnownFileType = text.xcconfig; name = "Pods-General.release.xcconfig"; path = "Pods/Target Support Files/Pods-General/Pods-General.release.xcconfig"; sourceTree = "<group>"; };
		A6BA59A1BEC823FEE85E0E38 /* Pods-General.debug.xcconfig */ = {isa = PBXFileReference; includeInIndex = 1; lastKnownFileType = text.xcconfig; name = "Pods-General.debug.xcconfig"; path = "Pods/Target Support Files/Pods-General/Pods-General.debug.xcconfig"; sourceTree = "<group>"; };
		AD4E710441B0F07D010A79CF /* Pods_General.framework */ = {isa = PBXFileReference; explicitFileType = wrapper.framework; includeInIndex = 0; path = Pods_General.framework; sourceTree = BUILT_PRODUCTS_DIR; };
		E26D6F481CF034E600CCDD6A /* General.app */ = {isa = PBXFileReference; explicitFileType = wrapper.application; includeInIndex = 0; path = General.app; sourceTree = BUILT_PRODUCTS_DIR; };
		E26D6F4C1CF034E600CCDD6A /* main.m */ = {isa = PBXFileReference; lastKnownFileType = sourcecode.c.objc; path = main.m; sourceTree = "<group>"; };
		E26D6F581CF034E600CCDD6A /* General.xcdatamodel */ = {isa = PBXFileReference; lastKnownFileType = wrapper.xcdatamodel; path = General.xcdatamodel; sourceTree = "<group>"; };
		E26D6F5A1CF034E600CCDD6A /* Images.xcassets */ = {isa = PBXFileReference; lastKnownFileType = folder.assetcatalog; path = Images.xcassets; sourceTree = "<group>"; };
		E26D6F5D1CF034E600CCDD6A /* Base */ = {isa = PBXFileReference; lastKnownFileType = file.storyboard; name = Base; path = Base.lproj/LaunchScreen.storyboard; sourceTree = "<group>"; };
		E26D6F5F1CF034E600CCDD6A /* Info.plist */ = {isa = PBXFileReference; lastKnownFileType = text.plist.xml; path = Info.plist; sourceTree = "<group>"; };
		E26D6F641CF034E600CCDD6A /* GeneralTests.xctest */ = {isa = PBXFileReference; explicitFileType = wrapper.cfbundle; includeInIndex = 0; path = GeneralTests.xctest; sourceTree = BUILT_PRODUCTS_DIR; };
		E26D6F681CF034E600CCDD6A /* GeneralTests.m */ = {isa = PBXFileReference; lastKnownFileType = sourcecode.c.objc; path = GeneralTests.m; sourceTree = "<group>"; };
		E26D6F6A1CF034E600CCDD6A /* Info.plist */ = {isa = PBXFileReference; lastKnownFileType = text.plist.xml; path = Info.plist; sourceTree = "<group>"; };
		E26D6F6F1CF034E600CCDD6A /* GeneralUITests.xctest */ = {isa = PBXFileReference; explicitFileType = wrapper.cfbundle; includeInIndex = 0; path = GeneralUITests.xctest; sourceTree = BUILT_PRODUCTS_DIR; };
		E26D6F731CF034E600CCDD6A /* GeneralUITests.m */ = {isa = PBXFileReference; lastKnownFileType = sourcecode.c.objc; path = GeneralUITests.m; sourceTree = "<group>"; };
		E26D6F751CF034E600CCDD6A /* Info.plist */ = {isa = PBXFileReference; lastKnownFileType = text.plist.xml; path = Info.plist; sourceTree = "<group>"; };
		E280AE431CF1B82A00F3BDFF /* XCAsyncTestCase.framework */ = {isa = PBXFileReference; lastKnownFileType = wrapper.framework; name = XCAsyncTestCase.framework; path = "../../Library/Developer/Xcode/DerivedData/General-dpapxwvmpuiphaarlwyqsdicfkwe/Build/Products/Debug-iphonesimulator/XCAsyncTestCase/XCAsyncTestCase.framework"; sourceTree = "<group>"; };
		E29700161CF437A800C49658 /* AppDelegate.h */ = {isa = PBXFileReference; fileEncoding = 4; lastKnownFileType = sourcecode.c.h; name = AppDelegate.h; path = Controllers/AppDelegate.h; sourceTree = "<group>"; };
		E29700171CF437A800C49658 /* AppDelegate.m */ = {isa = PBXFileReference; fileEncoding = 4; lastKnownFileType = sourcecode.c.objc; name = AppDelegate.m; path = Controllers/AppDelegate.m; sourceTree = "<group>"; };
		E29700181CF437A800C49658 /* ViewController.h */ = {isa = PBXFileReference; fileEncoding = 4; lastKnownFileType = sourcecode.c.h; path = ViewController.h; sourceTree = "<group>"; };
		E29700191CF437A800C49658 /* ViewController.m */ = {isa = PBXFileReference; fileEncoding = 4; lastKnownFileType = sourcecode.c.objc; path = ViewController.m; sourceTree = "<group>"; };
		E29700291CF43E2200C49658 /* MFNetworkingConfig.h */ = {isa = PBXFileReference; fileEncoding = 4; lastKnownFileType = sourcecode.c.h; path = MFNetworkingConfig.h; sourceTree = "<group>"; };
		E297002A1CF43E2200C49658 /* MFNetworkingConfig.m */ = {isa = PBXFileReference; fileEncoding = 4; lastKnownFileType = sourcecode.c.objc; path = MFNetworkingConfig.m; sourceTree = "<group>"; };
		E297002C1CF4411F00C49658 /* MFNetworkingHeader.h */ = {isa = PBXFileReference; fileEncoding = 4; lastKnownFileType = sourcecode.c.h; path = MFNetworkingHeader.h; sourceTree = "<group>"; };
		E29700301CF447F600C49658 /* NSObject+ProtocolAddition.h */ = {isa = PBXFileReference; fileEncoding = 4; lastKnownFileType = sourcecode.c.h; path = "NSObject+ProtocolAddition.h"; sourceTree = "<group>"; };
		E29700311CF447F600C49658 /* NSObject+ProtocolAddition.m */ = {isa = PBXFileReference; fileEncoding = 4; lastKnownFileType = sourcecode.c.objc; path = "NSObject+ProtocolAddition.m"; sourceTree = "<group>"; };
		E29700371CF4489100C49658 /* MFRequest.h */ = {isa = PBXFileReference; fileEncoding = 4; lastKnownFileType = sourcecode.c.h; path = MFRequest.h; sourceTree = "<group>"; };
		E29700381CF4489100C49658 /* MFRequest.m */ = {isa = PBXFileReference; fileEncoding = 4; lastKnownFileType = sourcecode.c.objc; path = MFRequest.m; sourceTree = "<group>"; };
		E297003D1CF4496100C49658 /* MFNetworking.h */ = {isa = PBXFileReference; fileEncoding = 4; lastKnownFileType = sourcecode.c.h; path = MFNetworking.h; sourceTree = "<group>"; };
		E297003E1CF4496100C49658 /* MFNetworking.m */ = {isa = PBXFileReference; fileEncoding = 4; lastKnownFileType = sourcecode.c.objc; path = MFNetworking.m; sourceTree = "<group>"; };
		E29700401CF449F600C49658 /* MFNetworkingLogger.h */ = {isa = PBXFileReference; fileEncoding = 4; lastKnownFileType = sourcecode.c.h; path = MFNetworkingLogger.h; sourceTree = "<group>"; };
		E29700411CF449F600C49658 /* MFNetworkingLogger.m */ = {isa = PBXFileReference; fileEncoding = 4; lastKnownFileType = sourcecode.c.objc; path = MFNetworkingLogger.m; sourceTree = "<group>"; };
		E297004C1CF44C1F00C49658 /* MFNSString+Addition.h */ = {isa = PBXFileReference; fileEncoding = 4; lastKnownFileType = sourcecode.c.h; path = "MFNSString+Addition.h"; sourceTree = "<group>"; };
		E297004D1CF44C1F00C49658 /* MFNSString+Addition.m */ = {isa = PBXFileReference; fileEncoding = 4; lastKnownFileType = sourcecode.c.objc; path = "MFNSString+Addition.m"; sourceTree = "<group>"; };
		E297004F1CF44E2800C49658 /* Macros.h */ = {isa = PBXFileReference; fileEncoding = 4; lastKnownFileType = sourcecode.c.h; path = Macros.h; sourceTree = "<group>"; };
		E29700501CF44F0800C49658 /* MFNetworkingHelper.h */ = {isa = PBXFileReference; fileEncoding = 4; lastKnownFileType = sourcecode.c.h; path = MFNetworkingHelper.h; sourceTree = "<group>"; };
		E29700511CF44F0800C49658 /* MFNetworkingHelper.m */ = {isa = PBXFileReference; fileEncoding = 4; lastKnownFileType = sourcecode.c.objc; path = MFNetworkingHelper.m; sourceTree = "<group>"; };
		E29700521CF44F0800C49658 /* MFHostHelper.h */ = {isa = PBXFileReference; fileEncoding = 4; lastKnownFileType = sourcecode.c.h; path = MFHostHelper.h; sourceTree = "<group>"; };
		E29700531CF44F0800C49658 /* MFHostHelper.m */ = {isa = PBXFileReference; fileEncoding = 4; lastKnownFileType = sourcecode.c.objc; path = MFHostHelper.m; sourceTree = "<group>"; };
		E29700571CF4521200C49658 /* PPStoreHelper.h */ = {isa = PBXFileReference; fileEncoding = 4; lastKnownFileType = sourcecode.c.h; name = PPStoreHelper.h; path = ../PPStoreHelper.h; sourceTree = "<group>"; };
		E29700581CF4521200C49658 /* PPStoreHelper.m */ = {isa = PBXFileReference; fileEncoding = 4; lastKnownFileType = sourcecode.c.objc; name = PPStoreHelper.m; path = ../PPStoreHelper.m; sourceTree = "<group>"; };
		E297005A1CF4532F00C49658 /* PPRequest+Extension.h */ = {isa = PBXFileReference; fileEncoding = 4; lastKnownFileType = sourcecode.c.h; path = "PPRequest+Extension.h"; sourceTree = "<group>"; };
		E297005B1CF4532F00C49658 /* PPRequest+Extension.m */ = {isa = PBXFileReference; fileEncoding = 4; lastKnownFileType = sourcecode.c.objc; path = "PPRequest+Extension.m"; sourceTree = "<group>"; };
		E297005D1CF453E400C49658 /* PPApiStatus.h */ = {isa = PBXFileReference; fileEncoding = 4; lastKnownFileType = sourcecode.c.h; path = PPApiStatus.h; sourceTree = "<group>"; };
		E297005E1CF453E400C49658 /* PPApiStatus.m */ = {isa = PBXFileReference; fileEncoding = 4; lastKnownFileType = sourcecode.c.objc; path = PPApiStatus.m; sourceTree = "<group>"; };
		E297005F1CF453E400C49658 /* PPAPIStatusGenerator.h */ = {isa = PBXFileReference; fileEncoding = 4; lastKnownFileType = sourcecode.c.h; path = PPAPIStatusGenerator.h; sourceTree = "<group>"; };
		E29700601CF453E400C49658 /* PPAPIStatusGenerator.m */ = {isa = PBXFileReference; fileEncoding = 4; lastKnownFileType = sourcecode.c.objc; path = PPAPIStatusGenerator.m; sourceTree = "<group>"; };
		E29700611CF453E400C49658 /* PPCommonHeadersGenerator.h */ = {isa = PBXFileReference; fileEncoding = 4; lastKnownFileType = sourcecode.c.h; path = PPCommonHeadersGenerator.h; sourceTree = "<group>"; };
		E29700621CF453E400C49658 /* PPCommonHeadersGenerator.m */ = {isa = PBXFileReference; fileEncoding = 4; lastKnownFileType = sourcecode.c.objc; path = PPCommonHeadersGenerator.m; sourceTree = "<group>"; };
		E29700631CF453E400C49658 /* PPCommonParametersGenerator.h */ = {isa = PBXFileReference; fileEncoding = 4; lastKnownFileType = sourcecode.c.h; path = PPCommonParametersGenerator.h; sourceTree = "<group>"; };
		E29700641CF453E400C49658 /* PPCommonParametersGenerator.m */ = {isa = PBXFileReference; fileEncoding = 4; lastKnownFileType = sourcecode.c.objc; path = PPCommonParametersGenerator.m; sourceTree = "<group>"; };
		E29700651CF453E400C49658 /* PPSignatureGenerator.h */ = {isa = PBXFileReference; fileEncoding = 4; lastKnownFileType = sourcecode.c.h; path = PPSignatureGenerator.h; sourceTree = "<group>"; };
		E29700661CF453E400C49658 /* PPSignatureGenerator.m */ = {isa = PBXFileReference; fileEncoding = 4; lastKnownFileType = sourcecode.c.objc; path = PPSignatureGenerator.m; sourceTree = "<group>"; };
/* End PBXFileReference section */

/* Begin PBXFrameworksBuildPhase section */
		E26D6F451CF034E600CCDD6A /* Frameworks */ = {
			isa = PBXFrameworksBuildPhase;
			buildActionMask = 2147483647;
			files = (
				49C06A24040325F3FFBF5436 /* Pods_General.framework in Frameworks */,
			);
			runOnlyForDeploymentPostprocessing = 0;
		};
		E26D6F611CF034E600CCDD6A /* Frameworks */ = {
			isa = PBXFrameworksBuildPhase;
			buildActionMask = 2147483647;
			files = (
			);
			runOnlyForDeploymentPostprocessing = 0;
		};
		E26D6F6C1CF034E600CCDD6A /* Frameworks */ = {
			isa = PBXFrameworksBuildPhase;
			buildActionMask = 2147483647;
			files = (
			);
			runOnlyForDeploymentPostprocessing = 0;
		};
/* End PBXFrameworksBuildPhase section */

/* Begin PBXGroup section */
		049633A296B7F59988A52339 /* Frameworks */ = {
			isa = PBXGroup;
			children = (
				E280AE431CF1B82A00F3BDFF /* XCAsyncTestCase.framework */,
				AD4E710441B0F07D010A79CF /* Pods_General.framework */,
			);
			name = Frameworks;
			sourceTree = "<group>";
		};
		82EB627C623912E2B2748359 /* Pods */ = {
			isa = PBXGroup;
			children = (
				A6BA59A1BEC823FEE85E0E38 /* Pods-General.debug.xcconfig */,
				196222C958F358D0310A42F7 /* Pods-General.release.xcconfig */,
			);
			name = Pods;
			sourceTree = "<group>";
		};
		E26D6F3F1CF034E600CCDD6A = {
			isa = PBXGroup;
			children = (
				E26D6F4A1CF034E600CCDD6A /* General */,
				E26D6F671CF034E600CCDD6A /* GeneralTests */,
				E26D6F721CF034E600CCDD6A /* GeneralUITests */,
				E26D6F491CF034E600CCDD6A /* Products */,
				82EB627C623912E2B2748359 /* Pods */,
				049633A296B7F59988A52339 /* Frameworks */,
			);
			sourceTree = "<group>";
		};
		E26D6F491CF034E600CCDD6A /* Products */ = {
			isa = PBXGroup;
			children = (
				E26D6F481CF034E600CCDD6A /* General.app */,
				E26D6F641CF034E600CCDD6A /* GeneralTests.xctest */,
				E26D6F6F1CF034E600CCDD6A /* GeneralUITests.xctest */,
			);
			name = Products;
			sourceTree = "<group>";
		};
		E26D6F4A1CF034E600CCDD6A /* General */ = {
			isa = PBXGroup;
			children = (
				E280AE461CF1BB1600F3BDFF /* Source */,
				E297001F1CF437A800C49658 /* ThirdParty */,
				E297001E1CF437A800C49658 /* Networking */,
				E29700201CF437A800C49658 /* URLRouter */,
				E297001A1CF437A800C49658 /* DataBase */,
				E297001B1CF437A800C49658 /* General */,
				E297001C1CF437A800C49658 /* JSEngine */,
				E297001D1CF437A800C49658 /* Model */,
				E29700211CF437A800C49658 /* View */,
				E29700151CF437A800C49658 /* Controllers */,
				E29700161CF437A800C49658 /* AppDelegate.h */,
				E29700171CF437A800C49658 /* AppDelegate.m */,
				E26D6F5C1CF034E600CCDD6A /* LaunchScreen.storyboard */,
				E26D6F5F1CF034E600CCDD6A /* Info.plist */,
				E26D6F571CF034E600CCDD6A /* General.xcdatamodeld */,
				E26D6F4B1CF034E600CCDD6A /* Supporting Files */,
			);
			path = General;
			sourceTree = "<group>";
		};
		E26D6F4B1CF034E600CCDD6A /* Supporting Files */ = {
			isa = PBXGroup;
			children = (
				E26D6F4C1CF034E600CCDD6A /* main.m */,
			);
			name = "Supporting Files";
			sourceTree = "<group>";
		};
		E26D6F671CF034E600CCDD6A /* GeneralTests */ = {
			isa = PBXGroup;
			children = (
				E26D6F681CF034E600CCDD6A /* GeneralTests.m */,
				E26D6F6A1CF034E600CCDD6A /* Info.plist */,
			);
			path = GeneralTests;
			sourceTree = "<group>";
		};
		E26D6F721CF034E600CCDD6A /* GeneralUITests */ = {
			isa = PBXGroup;
			children = (
				E26D6F731CF034E600CCDD6A /* GeneralUITests.m */,
				E26D6F751CF034E600CCDD6A /* Info.plist */,
			);
			path = GeneralUITests;
			sourceTree = "<group>";
		};
		E280AE461CF1BB1600F3BDFF /* Source */ = {
			isa = PBXGroup;
			children = (
				E26D6F5A1CF034E600CCDD6A /* Images.xcassets */,
			);
			name = Source;
			sourceTree = "<group>";
		};
		E29700151CF437A800C49658 /* Controllers */ = {
			isa = PBXGroup;
			children = (
				E29700181CF437A800C49658 /* ViewController.h */,
				E29700191CF437A800C49658 /* ViewController.m */,
			);
			path = Controllers;
			sourceTree = "<group>";
		};
		E297001A1CF437A800C49658 /* DataBase */ = {
			isa = PBXGroup;
			children = (
			);
			path = DataBase;
			sourceTree = "<group>";
		};
		E297001B1CF437A800C49658 /* General */ = {
			isa = PBXGroup;
			children = (
				E29700561CF4520C00C49658 /* Helper */,
				E297004F1CF44E2800C49658 /* Macros.h */,
			);
			path = General;
			sourceTree = "<group>";
		};
		E297001C1CF437A800C49658 /* JSEngine */ = {
			isa = PBXGroup;
			children = (
			);
			path = JSEngine;
			sourceTree = "<group>";
		};
		E297001D1CF437A800C49658 /* Model */ = {
			isa = PBXGroup;
			children = (
			);
			path = Model;
			sourceTree = "<group>";
		};
		E297001E1CF437A800C49658 /* Networking */ = {
			isa = PBXGroup;
			children = (
				E297002C1CF4411F00C49658 /* MFNetworkingHeader.h */,
				E29700241CF43AB800C49658 /* Assistants */,
				E29700251CF43AB800C49658 /* Category */,
				E29700261CF43AB800C49658 /* Core */,
				E29700271CF43AB800C49658 /* Helper */,
				E29700281CF43AB800C49658 /* Service */,
			);
			path = Networking;
			sourceTree = "<group>";
		};
		E297001F1CF437A800C49658 /* ThirdParty */ = {
			isa = PBXGroup;
			children = (
			);
			path = ThirdParty;
			sourceTree = "<group>";
		};
		E29700201CF437A800C49658 /* URLRouter */ = {
			isa = PBXGroup;
			children = (
			);
			path = URLRouter;
			sourceTree = "<group>";
		};
		E29700211CF437A800C49658 /* View */ = {
			isa = PBXGroup;
			children = (
			);
			path = View;
			sourceTree = "<group>";
		};
		E29700241CF43AB800C49658 /* Assistants */ = {
			isa = PBXGroup;
			children = (
				E297005D1CF453E400C49658 /* PPApiStatus.h */,
				E297005E1CF453E400C49658 /* PPApiStatus.m */,
				E297005F1CF453E400C49658 /* PPAPIStatusGenerator.h */,
				E29700601CF453E400C49658 /* PPAPIStatusGenerator.m */,
				E29700611CF453E400C49658 /* PPCommonHeadersGenerator.h */,
				E29700621CF453E400C49658 /* PPCommonHeadersGenerator.m */,
				E29700631CF453E400C49658 /* PPCommonParametersGenerator.h */,
				E29700641CF453E400C49658 /* PPCommonParametersGenerator.m */,
				E29700651CF453E400C49658 /* PPSignatureGenerator.h */,
				E29700661CF453E400C49658 /* PPSignatureGenerator.m */,
			);
			path = Assistants;
			sourceTree = "<group>";
		};
		E29700251CF43AB800C49658 /* Category */ = {
			isa = PBXGroup;
			children = (
				E297005A1CF4532F00C49658 /* PPRequest+Extension.h */,
				E297005B1CF4532F00C49658 /* PPRequest+Extension.m */,
			);
			path = Category;
			sourceTree = "<group>";
		};
		E29700261CF43AB800C49658 /* Core */ = {
			isa = PBXGroup;
			children = (
				E29700371CF4489100C49658 /* MFRequest.h */,
				E29700381CF4489100C49658 /* MFRequest.m */,
				E29700301CF447F600C49658 /* NSObject+ProtocolAddition.h */,
				E29700311CF447F600C49658 /* NSObject+ProtocolAddition.m */,
				E29700291CF43E2200C49658 /* MFNetworkingConfig.h */,
				E297002A1CF43E2200C49658 /* MFNetworkingConfig.m */,
				E297003D1CF4496100C49658 /* MFNetworking.h */,
				E297003E1CF4496100C49658 /* MFNetworking.m */,
				E29700401CF449F600C49658 /* MFNetworkingLogger.h */,
				E29700411CF449F600C49658 /* MFNetworkingLogger.m */,
				E297004C1CF44C1F00C49658 /* MFNSString+Addition.h */,
				E297004D1CF44C1F00C49658 /* MFNSString+Addition.m */,
			);
			path = Core;
			sourceTree = "<group>";
		};
		E29700271CF43AB800C49658 /* Helper */ = {
			isa = PBXGroup;
			children = (
				E29700501CF44F0800C49658 /* MFNetworkingHelper.h */,
				E29700511CF44F0800C49658 /* MFNetworkingHelper.m */,
				E29700521CF44F0800C49658 /* MFHostHelper.h */,
				E29700531CF44F0800C49658 /* MFHostHelper.m */,
			);
			path = Helper;
			sourceTree = "<group>";
		};
		E29700281CF43AB800C49658 /* Service */ = {
			isa = PBXGroup;
			children = (
			);
			path = Service;
			sourceTree = "<group>";
		};
		E29700561CF4520C00C49658 /* Helper */ = {
			isa = PBXGroup;
			children = (
				E29700571CF4521200C49658 /* PPStoreHelper.h */,
				E29700581CF4521200C49658 /* PPStoreHelper.m */,
			);
			path = Helper;
			sourceTree = "<group>";
		};
/* End PBXGroup section */

/* Begin PBXNativeTarget section */
		E26D6F471CF034E600CCDD6A /* General */ = {
			isa = PBXNativeTarget;
			buildConfigurationList = E26D6F781CF034E600CCDD6A /* Build configuration list for PBXNativeTarget "General" */;
			buildPhases = (
				C9F0E65F06CCE45293CABF39 /* 📦 Check Pods Manifest.lock */,
				E26D6F441CF034E600CCDD6A /* Sources */,
				E26D6F451CF034E600CCDD6A /* Frameworks */,
				E26D6F461CF034E600CCDD6A /* Resources */,
				DCC3D45ED7B043C15F36D4DB /* 📦 Embed Pods Frameworks */,
				617009D6AC15BD2C852E1FE0 /* 📦 Copy Pods Resources */,
			);
			buildRules = (
			);
			dependencies = (
			);
			name = General;
			productName = General;
			productReference = E26D6F481CF034E600CCDD6A /* General.app */;
			productType = "com.apple.product-type.application";
		};
		E26D6F631CF034E600CCDD6A /* GeneralTests */ = {
			isa = PBXNativeTarget;
			buildConfigurationList = E26D6F7B1CF034E600CCDD6A /* Build configuration list for PBXNativeTarget "GeneralTests" */;
			buildPhases = (
				E26D6F601CF034E600CCDD6A /* Sources */,
				E26D6F611CF034E600CCDD6A /* Frameworks */,
				E26D6F621CF034E600CCDD6A /* Resources */,
			);
			buildRules = (
			);
			dependencies = (
				E26D6F661CF034E600CCDD6A /* PBXTargetDependency */,
			);
			name = GeneralTests;
			productName = GeneralTests;
			productReference = E26D6F641CF034E600CCDD6A /* GeneralTests.xctest */;
			productType = "com.apple.product-type.bundle.unit-test";
		};
		E26D6F6E1CF034E600CCDD6A /* GeneralUITests */ = {
			isa = PBXNativeTarget;
			buildConfigurationList = E26D6F7E1CF034E600CCDD6A /* Build configuration list for PBXNativeTarget "GeneralUITests" */;
			buildPhases = (
				E26D6F6B1CF034E600CCDD6A /* Sources */,
				E26D6F6C1CF034E600CCDD6A /* Frameworks */,
				E26D6F6D1CF034E600CCDD6A /* Resources */,
			);
			buildRules = (
			);
			dependencies = (
				E26D6F711CF034E600CCDD6A /* PBXTargetDependency */,
			);
			name = GeneralUITests;
			productName = GeneralUITests;
			productReference = E26D6F6F1CF034E600CCDD6A /* GeneralUITests.xctest */;
			productType = "com.apple.product-type.bundle.ui-testing";
		};
/* End PBXNativeTarget section */

/* Begin PBXProject section */
		E26D6F401CF034E600CCDD6A /* Project object */ = {
			isa = PBXProject;
			attributes = {
				LastUpgradeCheck = 0730;
				ORGANIZATIONNAME = test;
				TargetAttributes = {
					E26D6F471CF034E600CCDD6A = {
						CreatedOnToolsVersion = 7.3;
					};
					E26D6F631CF034E600CCDD6A = {
						CreatedOnToolsVersion = 7.3;
						TestTargetID = E26D6F471CF034E600CCDD6A;
					};
					E26D6F6E1CF034E600CCDD6A = {
						CreatedOnToolsVersion = 7.3;
						TestTargetID = E26D6F471CF034E600CCDD6A;
					};
				};
			};
			buildConfigurationList = E26D6F431CF034E600CCDD6A /* Build configuration list for PBXProject "General" */;
			compatibilityVersion = "Xcode 3.2";
			developmentRegion = English;
			hasScannedForEncodings = 0;
			knownRegions = (
				en,
				Base,
			);
			mainGroup = E26D6F3F1CF034E600CCDD6A;
			productRefGroup = E26D6F491CF034E600CCDD6A /* Products */;
			projectDirPath = "";
			projectRoot = "";
			targets = (
				E26D6F471CF034E600CCDD6A /* General */,
				E26D6F631CF034E600CCDD6A /* GeneralTests */,
				E26D6F6E1CF034E600CCDD6A /* GeneralUITests */,
			);
		};
/* End PBXProject section */

/* Begin PBXResourcesBuildPhase section */
		E26D6F461CF034E600CCDD6A /* Resources */ = {
			isa = PBXResourcesBuildPhase;
			buildActionMask = 2147483647;
			files = (
				E26D6F5E1CF034E600CCDD6A /* LaunchScreen.storyboard in Resources */,
				E26D6F5B1CF034E600CCDD6A /* Images.xcassets in Resources */,
			);
			runOnlyForDeploymentPostprocessing = 0;
		};
		E26D6F621CF034E600CCDD6A /* Resources */ = {
			isa = PBXResourcesBuildPhase;
			buildActionMask = 2147483647;
			files = (
			);
			runOnlyForDeploymentPostprocessing = 0;
		};
		E26D6F6D1CF034E600CCDD6A /* Resources */ = {
			isa = PBXResourcesBuildPhase;
			buildActionMask = 2147483647;
			files = (
			);
			runOnlyForDeploymentPostprocessing = 0;
		};
/* End PBXResourcesBuildPhase section */

/* Begin PBXShellScriptBuildPhase section */
		617009D6AC15BD2C852E1FE0 /* 📦 Copy Pods Resources */ = {
			isa = PBXShellScriptBuildPhase;
			buildActionMask = 2147483647;
			files = (
			);
			inputPaths = (
			);
			name = "📦 Copy Pods Resources";
			outputPaths = (
			);
			runOnlyForDeploymentPostprocessing = 0;
			shellPath = /bin/sh;
			shellScript = "\"${SRCROOT}/Pods/Target Support Files/Pods-General/Pods-General-resources.sh\"\n";
			showEnvVarsInLog = 0;
		};
		C9F0E65F06CCE45293CABF39 /* 📦 Check Pods Manifest.lock */ = {
			isa = PBXShellScriptBuildPhase;
			buildActionMask = 2147483647;
			files = (
			);
			inputPaths = (
			);
			name = "📦 Check Pods Manifest.lock";
			outputPaths = (
			);
			runOnlyForDeploymentPostprocessing = 0;
			shellPath = /bin/sh;
			shellScript = "diff \"${PODS_ROOT}/../Podfile.lock\" \"${PODS_ROOT}/Manifest.lock\" > /dev/null\nif [[ $? != 0 ]] ; then\n    cat << EOM\nerror: The sandbox is not in sync with the Podfile.lock. Run 'pod install' or update your CocoaPods installation.\nEOM\n    exit 1\nfi\n";
			showEnvVarsInLog = 0;
		};
		DCC3D45ED7B043C15F36D4DB /* 📦 Embed Pods Frameworks */ = {
			isa = PBXShellScriptBuildPhase;
			buildActionMask = 2147483647;
			files = (
			);
			inputPaths = (
			);
			name = "📦 Embed Pods Frameworks";
			outputPaths = (
			);
			runOnlyForDeploymentPostprocessing = 0;
			shellPath = /bin/sh;
			shellScript = "\"${SRCROOT}/Pods/Target Support Files/Pods-General/Pods-General-frameworks.sh\"\n";
			showEnvVarsInLog = 0;
		};
/* End PBXShellScriptBuildPhase section */

/* Begin PBXSourcesBuildPhase section */
		E26D6F441CF034E600CCDD6A /* Sources */ = {
			isa = PBXSourcesBuildPhase;
			buildActionMask = 2147483647;
			files = (
				E297002B1CF43E2200C49658 /* MFNetworkingConfig.m in Sources */,
				E297004E1CF44C1F00C49658 /* MFNSString+Addition.m in Sources */,
				E297003F1CF4496100C49658 /* MFNetworking.m in Sources */,
				E29700551CF44F0800C49658 /* MFHostHelper.m in Sources */,
				E297006B1CF453E400C49658 /* PPSignatureGenerator.m in Sources */,
				E26D6F591CF034E600CCDD6A /* General.xcdatamodeld in Sources */,
				E297005C1CF4532F00C49658 /* PPRequest+Extension.m in Sources */,
				E297006A1CF453E400C49658 /* PPCommonParametersGenerator.m in Sources */,
				E29700681CF453E400C49658 /* PPAPIStatusGenerator.m in Sources */,
				E26D6F4D1CF034E600CCDD6A /* main.m in Sources */,
				E29700321CF447F600C49658 /* NSObject+ProtocolAddition.m in Sources */,
				E29700591CF4521200C49658 /* PPStoreHelper.m in Sources */,
				E29700231CF437A800C49658 /* ViewController.m in Sources */,
				E29700671CF453E400C49658 /* PPApiStatus.m in Sources */,
				E29700541CF44F0800C49658 /* MFNetworkingHelper.m in Sources */,
				E29700221CF437A800C49658 /* AppDelegate.m in Sources */,
				E29700391CF4489100C49658 /* MFRequest.m in Sources */,
				E29700691CF453E400C49658 /* PPCommonHeadersGenerator.m in Sources */,
				E29700421CF449F600C49658 /* MFNetworkingLogger.m in Sources */,
			);
			runOnlyForDeploymentPostprocessing = 0;
		};
		E26D6F601CF034E600CCDD6A /* Sources */ = {
			isa = PBXSourcesBuildPhase;
			buildActionMask = 2147483647;
			files = (
				E26D6F691CF034E600CCDD6A /* GeneralTests.m in Sources */,
			);
			runOnlyForDeploymentPostprocessing = 0;
		};
		E26D6F6B1CF034E600CCDD6A /* Sources */ = {
			isa = PBXSourcesBuildPhase;
			buildActionMask = 2147483647;
			files = (
				E26D6F741CF034E600CCDD6A /* GeneralUITests.m in Sources */,
			);
			runOnlyForDeploymentPostprocessing = 0;
		};
/* End PBXSourcesBuildPhase section */

/* Begin PBXTargetDependency section */
		E26D6F661CF034E600CCDD6A /* PBXTargetDependency */ = {
			isa = PBXTargetDependency;
			target = E26D6F471CF034E600CCDD6A /* General */;
			targetProxy = E26D6F651CF034E600CCDD6A /* PBXContainerItemProxy */;
		};
		E26D6F711CF034E600CCDD6A /* PBXTargetDependency */ = {
			isa = PBXTargetDependency;
			target = E26D6F471CF034E600CCDD6A /* General */;
			targetProxy = E26D6F701CF034E600CCDD6A /* PBXContainerItemProxy */;
		};
/* End PBXTargetDependency section */

/* Begin PBXVariantGroup section */
		E26D6F5C1CF034E600CCDD6A /* LaunchScreen.storyboard */ = {
			isa = PBXVariantGroup;
			children = (
				E26D6F5D1CF034E600CCDD6A /* Base */,
			);
			name = LaunchScreen.storyboard;
			sourceTree = "<group>";
		};
/* End PBXVariantGroup section */

/* Begin XCBuildConfiguration section */
		E26D6F761CF034E600CCDD6A /* Debug */ = {
			isa = XCBuildConfiguration;
			buildSettings = {
				ALWAYS_SEARCH_USER_PATHS = NO;
				CLANG_ANALYZER_NONNULL = YES;
				CLANG_CXX_LANGUAGE_STANDARD = "gnu++0x";
				CLANG_CXX_LIBRARY = "libc++";
				CLANG_ENABLE_MODULES = YES;
				CLANG_ENABLE_OBJC_ARC = YES;
				CLANG_WARN_BOOL_CONVERSION = YES;
				CLANG_WARN_CONSTANT_CONVERSION = YES;
				CLANG_WARN_DIRECT_OBJC_ISA_USAGE = YES_ERROR;
				CLANG_WARN_EMPTY_BODY = YES;
				CLANG_WARN_ENUM_CONVERSION = YES;
				CLANG_WARN_INT_CONVERSION = YES;
				CLANG_WARN_OBJC_ROOT_CLASS = YES_ERROR;
				CLANG_WARN_UNREACHABLE_CODE = YES;
				CLANG_WARN__DUPLICATE_METHOD_MATCH = YES;
				"CODE_SIGN_IDENTITY[sdk=iphoneos*]" = "iPhone Developer";
				COPY_PHASE_STRIP = NO;
				DEBUG_INFORMATION_FORMAT = dwarf;
				ENABLE_STRICT_OBJC_MSGSEND = YES;
				ENABLE_TESTABILITY = YES;
				GCC_C_LANGUAGE_STANDARD = gnu99;
				GCC_DYNAMIC_NO_PIC = NO;
				GCC_NO_COMMON_BLOCKS = YES;
				GCC_OPTIMIZATION_LEVEL = 0;
				GCC_PREPROCESSOR_DEFINITIONS = (
					"DEBUG=1",
					"$(inherited)",
				);
				GCC_WARN_64_TO_32_BIT_CONVERSION = YES;
				GCC_WARN_ABOUT_RETURN_TYPE = YES_ERROR;
				GCC_WARN_UNDECLARED_SELECTOR = YES;
				GCC_WARN_UNINITIALIZED_AUTOS = YES_AGGRESSIVE;
				GCC_WARN_UNUSED_FUNCTION = YES;
				GCC_WARN_UNUSED_VARIABLE = YES;
				IPHONEOS_DEPLOYMENT_TARGET = 9.3;
				MTL_ENABLE_DEBUG_INFO = YES;
				ONLY_ACTIVE_ARCH = YES;
				SDKROOT = iphoneos;
				TARGETED_DEVICE_FAMILY = "1,2";
			};
			name = Debug;
		};
		E26D6F771CF034E600CCDD6A /* Release */ = {
			isa = XCBuildConfiguration;
			buildSettings = {
				ALWAYS_SEARCH_USER_PATHS = NO;
				CLANG_ANALYZER_NONNULL = YES;
				CLANG_CXX_LANGUAGE_STANDARD = "gnu++0x";
				CLANG_CXX_LIBRARY = "libc++";
				CLANG_ENABLE_MODULES = YES;
				CLANG_ENABLE_OBJC_ARC = YES;
				CLANG_WARN_BOOL_CONVERSION = YES;
				CLANG_WARN_CONSTANT_CONVERSION = YES;
				CLANG_WARN_DIRECT_OBJC_ISA_USAGE = YES_ERROR;
				CLANG_WARN_EMPTY_BODY = YES;
				CLANG_WARN_ENUM_CONVERSION = YES;
				CLANG_WARN_INT_CONVERSION = YES;
				CLANG_WARN_OBJC_ROOT_CLASS = YES_ERROR;
				CLANG_WARN_UNREACHABLE_CODE = YES;
				CLANG_WARN__DUPLICATE_METHOD_MATCH = YES;
				"CODE_SIGN_IDENTITY[sdk=iphoneos*]" = "iPhone Developer";
				COPY_PHASE_STRIP = NO;
				DEBUG_INFORMATION_FORMAT = "dwarf-with-dsym";
				ENABLE_NS_ASSERTIONS = NO;
				ENABLE_STRICT_OBJC_MSGSEND = YES;
				GCC_C_LANGUAGE_STANDARD = gnu99;
				GCC_NO_COMMON_BLOCKS = YES;
				GCC_WARN_64_TO_32_BIT_CONVERSION = YES;
				GCC_WARN_ABOUT_RETURN_TYPE = YES_ERROR;
				GCC_WARN_UNDECLARED_SELECTOR = YES;
				GCC_WARN_UNINITIALIZED_AUTOS = YES_AGGRESSIVE;
				GCC_WARN_UNUSED_FUNCTION = YES;
				GCC_WARN_UNUSED_VARIABLE = YES;
				IPHONEOS_DEPLOYMENT_TARGET = 9.3;
				MTL_ENABLE_DEBUG_INFO = NO;
				SDKROOT = iphoneos;
				TARGETED_DEVICE_FAMILY = "1,2";
				VALIDATE_PRODUCT = YES;
			};
			name = Release;
		};
		E26D6F791CF034E600CCDD6A /* Debug */ = {
			isa = XCBuildConfiguration;
			baseConfigurationReference = A6BA59A1BEC823FEE85E0E38 /* Pods-General.debug.xcconfig */;
			buildSettings = {
				ASSETCATALOG_COMPILER_APPICON_NAME = AppIcon;
				CODE_SIGN_IDENTITY = "iPhone Developer";
				INFOPLIST_FILE = General/Info.plist;
				IPHONEOS_DEPLOYMENT_TARGET = 8.0;
				LD_RUNPATH_SEARCH_PATHS = "$(inherited) @executable_path/Frameworks";
				PRODUCT_BUNDLE_IDENTIFIER = patpat;
				PRODUCT_NAME = "$(TARGET_NAME)";
			};
			name = Debug;
		};
		E26D6F7A1CF034E600CCDD6A /* Release */ = {
			isa = XCBuildConfiguration;
			baseConfigurationReference = 196222C958F358D0310A42F7 /* Pods-General.release.xcconfig */;
			buildSettings = {
				ASSETCATALOG_COMPILER_APPICON_NAME = AppIcon;
				CODE_SIGN_IDENTITY = "iPhone Developer";
				INFOPLIST_FILE = General/Info.plist;
				IPHONEOS_DEPLOYMENT_TARGET = 8.0;
				LD_RUNPATH_SEARCH_PATHS = "$(inherited) @executable_path/Frameworks";
				PRODUCT_BUNDLE_IDENTIFIER = patpat;
				PRODUCT_NAME = "$(TARGET_NAME)";
			};
			name = Release;
		};
		E26D6F7C1CF034E600CCDD6A /* Debug */ = {
			isa = XCBuildConfiguration;
			buildSettings = {
				BUNDLE_LOADER = "$(TEST_HOST)";
				INFOPLIST_FILE = GeneralTests/Info.plist;
				LD_RUNPATH_SEARCH_PATHS = "$(inherited) @executable_path/Frameworks @loader_path/Frameworks";
				PRODUCT_BUNDLE_IDENTIFIER = cc.GeneralTests;
				PRODUCT_NAME = "$(TARGET_NAME)";
				TEST_HOST = "$(BUILT_PRODUCTS_DIR)/General.app/General";
			};
			name = Debug;
		};
		E26D6F7D1CF034E600CCDD6A /* Release */ = {
			isa = XCBuildConfiguration;
			buildSettings = {
				BUNDLE_LOADER = "$(TEST_HOST)";
				INFOPLIST_FILE = GeneralTests/Info.plist;
				LD_RUNPATH_SEARCH_PATHS = "$(inherited) @executable_path/Frameworks @loader_path/Frameworks";
				PRODUCT_BUNDLE_IDENTIFIER = cc.GeneralTests;
				PRODUCT_NAME = "$(TARGET_NAME)";
				TEST_HOST = "$(BUILT_PRODUCTS_DIR)/General.app/General";
			};
			name = Release;
		};
		E26D6F7F1CF034E600CCDD6A /* Debug */ = {
			isa = XCBuildConfiguration;
			buildSettings = {
				INFOPLIST_FILE = GeneralUITests/Info.plist;
				LD_RUNPATH_SEARCH_PATHS = "$(inherited) @executable_path/Frameworks @loader_path/Frameworks";
				PRODUCT_BUNDLE_IDENTIFIER = cc.GeneralUITests;
				PRODUCT_NAME = "$(TARGET_NAME)";
				TEST_TARGET_NAME = General;
			};
			name = Debug;
		};
		E26D6F801CF034E600CCDD6A /* Release */ = {
			isa = XCBuildConfiguration;
			buildSettings = {
				INFOPLIST_FILE = GeneralUITests/Info.plist;
				LD_RUNPATH_SEARCH_PATHS = "$(inherited) @executable_path/Frameworks @loader_path/Frameworks";
				PRODUCT_BUNDLE_IDENTIFIER = cc.GeneralUITests;
				PRODUCT_NAME = "$(TARGET_NAME)";
				TEST_TARGET_NAME = General;
			};
			name = Release;
		};
/* End XCBuildConfiguration section */

/* Begin XCConfigurationList section */
		E26D6F431CF034E600CCDD6A /* Build configuration list for PBXProject "General" */ = {
			isa = XCConfigurationList;
			buildConfigurations = (
				E26D6F761CF034E600CCDD6A /* Debug */,
				E26D6F771CF034E600CCDD6A /* Release */,
			);
			defaultConfigurationIsVisible = 0;
			defaultConfigurationName = Release;
		};
		E26D6F781CF034E600CCDD6A /* Build configuration list for PBXNativeTarget "General" */ = {
			isa = XCConfigurationList;
			buildConfigurations = (
				E26D6F791CF034E600CCDD6A /* Debug */,
				E26D6F7A1CF034E600CCDD6A /* Release */,
			);
			defaultConfigurationIsVisible = 0;
			defaultConfigurationName = Release;
		};
		E26D6F7B1CF034E600CCDD6A /* Build configuration list for PBXNativeTarget "GeneralTests" */ = {
			isa = XCConfigurationList;
			buildConfigurations = (
				E26D6F7C1CF034E600CCDD6A /* Debug */,
				E26D6F7D1CF034E600CCDD6A /* Release */,
			);
			defaultConfigurationIsVisible = 0;
			defaultConfigurationName = Release;
		};
		E26D6F7E1CF034E600CCDD6A /* Build configuration list for PBXNativeTarget "GeneralUITests" */ = {
			isa = XCConfigurationList;
			buildConfigurations = (
				E26D6F7F1CF034E600CCDD6A /* Debug */,
				E26D6F801CF034E600CCDD6A /* Release */,
			);
			defaultConfigurationIsVisible = 0;
			defaultConfigurationName = Release;
		};
/* End XCConfigurationList section */

/* Begin XCVersionGroup section */
		E26D6F571CF034E600CCDD6A /* General.xcdatamodeld */ = {
			isa = XCVersionGroup;
			children = (
				E26D6F581CF034E600CCDD6A /* General.xcdatamodel */,
			);
			currentVersion = E26D6F581CF034E600CCDD6A /* General.xcdatamodel */;
			path = General.xcdatamodeld;
			sourceTree = "<group>";
			versionGroupType = wrapper.xcdatamodel;
		};
/* End XCVersionGroup section */
	};
	rootObject = E26D6F401CF034E600CCDD6A /* Project object */;
}
